// !$*UTF8*$!
{
	archiveVersion = 1;
	classes = {
	};
	objectVersion = 55;
	objects = {

/* Begin PBXBuildFile section */
		EF8CEB0F28365DD0003BB2EF /* EmojiArtApp.swift in Sources */ = {isa = PBXBuildFile; fileRef = EF8CEAFB28365DCF003BB2EF /* EmojiArtApp.swift */; };
		EF8CEB1028365DD0003BB2EF /* EmojiArtApp.swift in Sources */ = {isa = PBXBuildFile; fileRef = EF8CEAFB28365DCF003BB2EF /* EmojiArtApp.swift */; };
		EF8CEB1128365DD0003BB2EF /* EmojiArtDocument.swift in Sources */ = {isa = PBXBuildFile; fileRef = EF8CEAFC28365DCF003BB2EF /* EmojiArtDocument.swift */; };
		EF8CEB1228365DD0003BB2EF /* EmojiArtDocument.swift in Sources */ = {isa = PBXBuildFile; fileRef = EF8CEAFC28365DCF003BB2EF /* EmojiArtDocument.swift */; };
		EF8CEB1528365DD0003BB2EF /* Assets.xcassets in Resources */ = {isa = PBXBuildFile; fileRef = EF8CEAFE28365DD0003BB2EF /* Assets.xcassets */; };
		EF8CEB1628365DD0003BB2EF /* Assets.xcassets in Resources */ = {isa = PBXBuildFile; fileRef = EF8CEAFE28365DD0003BB2EF /* Assets.xcassets */; };
		EF8CEB2B28365FFC003BB2EF /* EmojiArtDocumentView.swift in Sources */ = {isa = PBXBuildFile; fileRef = EF8CEB1F28365FFB003BB2EF /* EmojiArtDocumentView.swift */; };
		EF8CEB2C28365FFC003BB2EF /* EmojiArtDocumentView.swift in Sources */ = {isa = PBXBuildFile; fileRef = EF8CEB1F28365FFB003BB2EF /* EmojiArtDocumentView.swift */; };
		EF8CEB2D28365FFC003BB2EF /* PhotoLibrary.swift in Sources */ = {isa = PBXBuildFile; fileRef = EF8CEB2028365FFB003BB2EF /* PhotoLibrary.swift */; };
		EF8CEB2F28365FFC003BB2EF /* PaletteEditor.swift in Sources */ = {isa = PBXBuildFile; fileRef = EF8CEB2128365FFB003BB2EF /* PaletteEditor.swift */; };
		EF8CEB3028365FFC003BB2EF /* PaletteEditor.swift in Sources */ = {isa = PBXBuildFile; fileRef = EF8CEB2128365FFB003BB2EF /* PaletteEditor.swift */; };
		EF8CEB3128365FFC003BB2EF /* PaletteChooser.swift in Sources */ = {isa = PBXBuildFile; fileRef = EF8CEB2228365FFB003BB2EF /* PaletteChooser.swift */; };
		EF8CEB3228365FFC003BB2EF /* PaletteChooser.swift in Sources */ = {isa = PBXBuildFile; fileRef = EF8CEB2228365FFB003BB2EF /* PaletteChooser.swift */; };
		EF8CEB3328365FFC003BB2EF /* EmojiArtModel.background.swift in Sources */ = {isa = PBXBuildFile; fileRef = EF8CEB2328365FFB003BB2EF /* EmojiArtModel.background.swift */; };
		EF8CEB3428365FFC003BB2EF /* EmojiArtModel.background.swift in Sources */ = {isa = PBXBuildFile; fileRef = EF8CEB2328365FFB003BB2EF /* EmojiArtModel.background.swift */; };
		EF8CEB3528365FFC003BB2EF /* EmojiArtModel.swift in Sources */ = {isa = PBXBuildFile; fileRef = EF8CEB2428365FFB003BB2EF /* EmojiArtModel.swift */; };
		EF8CEB3628365FFC003BB2EF /* EmojiArtModel.swift in Sources */ = {isa = PBXBuildFile; fileRef = EF8CEB2428365FFB003BB2EF /* EmojiArtModel.swift */; };
		EF8CEB3728365FFC003BB2EF /* PaletteStore.swift in Sources */ = {isa = PBXBuildFile; fileRef = EF8CEB2528365FFB003BB2EF /* PaletteStore.swift */; };
		EF8CEB3828365FFC003BB2EF /* PaletteStore.swift in Sources */ = {isa = PBXBuildFile; fileRef = EF8CEB2528365FFB003BB2EF /* PaletteStore.swift */; };
		EF8CEB3928365FFC003BB2EF /* SelectionEffectModifire.swift in Sources */ = {isa = PBXBuildFile; fileRef = EF8CEB2628365FFB003BB2EF /* SelectionEffectModifire.swift */; };
		EF8CEB3A28365FFC003BB2EF /* SelectionEffectModifire.swift in Sources */ = {isa = PBXBuildFile; fileRef = EF8CEB2628365FFB003BB2EF /* SelectionEffectModifire.swift */; };
		EF8CEB3B28365FFC003BB2EF /* UtilityExtensions.swift in Sources */ = {isa = PBXBuildFile; fileRef = EF8CEB2728365FFB003BB2EF /* UtilityExtensions.swift */; };
		EF8CEB3C28365FFC003BB2EF /* UtilityExtensions.swift in Sources */ = {isa = PBXBuildFile; fileRef = EF8CEB2728365FFB003BB2EF /* UtilityExtensions.swift */; };
		EF8CEB3D28365FFC003BB2EF /* UtilityViews.swift in Sources */ = {isa = PBXBuildFile; fileRef = EF8CEB2828365FFB003BB2EF /* UtilityViews.swift */; };
		EF8CEB3E28365FFC003BB2EF /* UtilityViews.swift in Sources */ = {isa = PBXBuildFile; fileRef = EF8CEB2828365FFB003BB2EF /* UtilityViews.swift */; };
		EF8CEB3F28365FFC003BB2EF /* PaletteManager.swift in Sources */ = {isa = PBXBuildFile; fileRef = EF8CEB2928365FFB003BB2EF /* PaletteManager.swift */; };
		EF8CEB4128365FFC003BB2EF /* Camera.swift in Sources */ = {isa = PBXBuildFile; fileRef = EF8CEB2A28365FFC003BB2EF /* Camera.swift */; };
		EF8CEB4528366FC8003BB2EF /* macOS.swift in Sources */ = {isa = PBXBuildFile; fileRef = EF8CEB4328366FC8003BB2EF /* macOS.swift */; };
		EF8CEB4828367565003BB2EF /* iOS.swift in Sources */ = {isa = PBXBuildFile; fileRef = EF8CEB4728367565003BB2EF /* iOS.swift */; };
/* End PBXBuildFile section */

/* Begin PBXFileReference section */
		EF8CEAFB28365DCF003BB2EF /* EmojiArtApp.swift */ = {isa = PBXFileReference; lastKnownFileType = sourcecode.swift; path = EmojiArtApp.swift; sourceTree = "<group>"; };
		EF8CEAFC28365DCF003BB2EF /* EmojiArtDocument.swift */ = {isa = PBXFileReference; lastKnownFileType = sourcecode.swift; path = EmojiArtDocument.swift; sourceTree = "<group>"; };
		EF8CEAFE28365DD0003BB2EF /* Assets.xcassets */ = {isa = PBXFileReference; lastKnownFileType = folder.assetcatalog; path = Assets.xcassets; sourceTree = "<group>"; };
		EF8CEB0328365DD0003BB2EF /* EmojiArt.app */ = {isa = PBXFileReference; explicitFileType = wrapper.application; includeInIndex = 0; path = EmojiArt.app; sourceTree = BUILT_PRODUCTS_DIR; };
		EF8CEB0628365DD0003BB2EF /* Info.plist */ = {isa = PBXFileReference; lastKnownFileType = text.plist.xml; path = Info.plist; sourceTree = "<group>"; };
		EF8CEB0B28365DD0003BB2EF /* EmojiArt.app */ = {isa = PBXFileReference; explicitFileType = wrapper.application; includeInIndex = 0; path = EmojiArt.app; sourceTree = BUILT_PRODUCTS_DIR; };
		EF8CEB0D28365DD0003BB2EF /* Info.plist */ = {isa = PBXFileReference; lastKnownFileType = text.plist.xml; path = Info.plist; sourceTree = "<group>"; };
		EF8CEB0E28365DD0003BB2EF /* macOS.entitlements */ = {isa = PBXFileReference; lastKnownFileType = text.plist.entitlements; path = macOS.entitlements; sourceTree = "<group>"; };
		EF8CEB1F28365FFB003BB2EF /* EmojiArtDocumentView.swift */ = {isa = PBXFileReference; fileEncoding = 4; lastKnownFileType = sourcecode.swift; path = EmojiArtDocumentView.swift; sourceTree = "<group>"; };
		EF8CEB2028365FFB003BB2EF /* PhotoLibrary.swift */ = {isa = PBXFileReference; fileEncoding = 4; lastKnownFileType = sourcecode.swift; path = PhotoLibrary.swift; sourceTree = "<group>"; };
		EF8CEB2128365FFB003BB2EF /* PaletteEditor.swift */ = {isa = PBXFileReference; fileEncoding = 4; lastKnownFileType = sourcecode.swift; path = PaletteEditor.swift; sourceTree = "<group>"; };
		EF8CEB2228365FFB003BB2EF /* PaletteChooser.swift */ = {isa = PBXFileReference; fileEncoding = 4; lastKnownFileType = sourcecode.swift; path = PaletteChooser.swift; sourceTree = "<group>"; };
		EF8CEB2328365FFB003BB2EF /* EmojiArtModel.background.swift */ = {isa = PBXFileReference; fileEncoding = 4; lastKnownFileType = sourcecode.swift; path = EmojiArtModel.background.swift; sourceTree = "<group>"; };
		EF8CEB2428365FFB003BB2EF /* EmojiArtModel.swift */ = {isa = PBXFileReference; fileEncoding = 4; lastKnownFileType = sourcecode.swift; path = EmojiArtModel.swift; sourceTree = "<group>"; };
		EF8CEB2528365FFB003BB2EF /* PaletteStore.swift */ = {isa = PBXFileReference; fileEncoding = 4; lastKnownFileType = sourcecode.swift; path = PaletteStore.swift; sourceTree = "<group>"; };
		EF8CEB2628365FFB003BB2EF /* SelectionEffectModifire.swift */ = {isa = PBXFileReference; fileEncoding = 4; lastKnownFileType = sourcecode.swift; path = SelectionEffectModifire.swift; sourceTree = "<group>"; };
		EF8CEB2728365FFB003BB2EF /* UtilityExtensions.swift */ = {isa = PBXFileReference; fileEncoding = 4; lastKnownFileType = sourcecode.swift; path = UtilityExtensions.swift; sourceTree = "<group>"; };
		EF8CEB2828365FFB003BB2EF /* UtilityViews.swift */ = {isa = PBXFileReference; fileEncoding = 4; lastKnownFileType = sourcecode.swift; path = UtilityViews.swift; sourceTree = "<group>"; };
		EF8CEB2928365FFB003BB2EF /* PaletteManager.swift */ = {isa = PBXFileReference; fileEncoding = 4; lastKnownFileType = sourcecode.swift; path = PaletteManager.swift; sourceTree = "<group>"; };
		EF8CEB2A28365FFC003BB2EF /* Camera.swift */ = {isa = PBXFileReference; fileEncoding = 4; lastKnownFileType = sourcecode.swift; path = Camera.swift; sourceTree = "<group>"; };
		EF8CEB4328366FC8003BB2EF /* macOS.swift */ = {isa = PBXFileReference; lastKnownFileType = sourcecode.swift; path = macOS.swift; sourceTree = "<group>"; };
		EF8CEB4728367565003BB2EF /* iOS.swift */ = {isa = PBXFileReference; lastKnownFileType = sourcecode.swift; path = iOS.swift; sourceTree = "<group>"; };
/* End PBXFileReference section */

/* Begin PBXFrameworksBuildPhase section */
		EF8CEB0028365DD0003BB2EF /* Frameworks */ = {
			isa = PBXFrameworksBuildPhase;
			buildActionMask = 2147483647;
			files = (
			);
			runOnlyForDeploymentPostprocessing = 0;
		};
		EF8CEB0828365DD0003BB2EF /* Frameworks */ = {
			isa = PBXFrameworksBuildPhase;
			buildActionMask = 2147483647;
			files = (
			);
			runOnlyForDeploymentPostprocessing = 0;
		};
/* End PBXFrameworksBuildPhase section */

/* Begin PBXGroup section */
		EF8CEAF528365DCF003BB2EF = {
			isa = PBXGroup;
			children = (
				EF8CEAFA28365DCF003BB2EF /* Shared */,
				EF8CEB0528365DD0003BB2EF /* iOS */,
				EF8CEB0C28365DD0003BB2EF /* macOS */,
				EF8CEB0428365DD0003BB2EF /* Products */,
			);
			sourceTree = "<group>";
		};
		EF8CEAFA28365DCF003BB2EF /* Shared */ = {
			isa = PBXGroup;
			children = (
				EF8CEAFB28365DCF003BB2EF /* EmojiArtApp.swift */,
				EF8CEAFC28365DCF003BB2EF /* EmojiArtDocument.swift */,
				EF8CEB1F28365FFB003BB2EF /* EmojiArtDocumentView.swift */,
				EF8CEB2328365FFB003BB2EF /* EmojiArtModel.background.swift */,
				EF8CEB2428365FFB003BB2EF /* EmojiArtModel.swift */,
				EF8CEB2228365FFB003BB2EF /* PaletteChooser.swift */,
				EF8CEB2128365FFB003BB2EF /* PaletteEditor.swift */,
				EF8CEB2528365FFB003BB2EF /* PaletteStore.swift */,
				EF8CEB2628365FFB003BB2EF /* SelectionEffectModifire.swift */,
				EF8CEB2728365FFB003BB2EF /* UtilityExtensions.swift */,
				EF8CEB2828365FFB003BB2EF /* UtilityViews.swift */,
				EF8CEAFE28365DD0003BB2EF /* Assets.xcassets */,
			);
			path = Shared;
			sourceTree = "<group>";
		};
		EF8CEB0428365DD0003BB2EF /* Products */ = {
			isa = PBXGroup;
			children = (
				EF8CEB0328365DD0003BB2EF /* EmojiArt.app */,
				EF8CEB0B28365DD0003BB2EF /* EmojiArt.app */,
			);
			name = Products;
			sourceTree = "<group>";
		};
		EF8CEB0528365DD0003BB2EF /* iOS */ = {
			isa = PBXGroup;
			children = (
				EF8CEB0628365DD0003BB2EF /* Info.plist */,
				EF8CEB2928365FFB003BB2EF /* PaletteManager.swift */,
				EF8CEB2028365FFB003BB2EF /* PhotoLibrary.swift */,
				EF8CEB2A28365FFC003BB2EF /* Camera.swift */,
				EF8CEB4728367565003BB2EF /* iOS.swift */,
			);
			path = iOS;
			sourceTree = "<group>";
		};
		EF8CEB0C28365DD0003BB2EF /* macOS */ = {
			isa = PBXGroup;
			children = (
				EF8CEB0D28365DD0003BB2EF /* Info.plist */,
				EF8CEB0E28365DD0003BB2EF /* macOS.entitlements */,
				EF8CEB4328366FC8003BB2EF /* macOS.swift */,
			);
			path = macOS;
			sourceTree = "<group>";
		};
/* End PBXGroup section */

/* Begin PBXNativeTarget section */
		EF8CEB0228365DD0003BB2EF /* EmojiArt (iOS) */ = {
			isa = PBXNativeTarget;
			buildConfigurationList = EF8CEB1928365DD0003BB2EF /* Build configuration list for PBXNativeTarget "EmojiArt (iOS)" */;
			buildPhases = (
				EF8CEAFF28365DD0003BB2EF /* Sources */,
				EF8CEB0028365DD0003BB2EF /* Frameworks */,
				EF8CEB0128365DD0003BB2EF /* Resources */,
			);
			buildRules = (
			);
			dependencies = (
			);
			name = "EmojiArt (iOS)";
			productName = "EmojiArt (iOS)";
			productReference = EF8CEB0328365DD0003BB2EF /* EmojiArt.app */;
			productType = "com.apple.product-type.application";
		};
		EF8CEB0A28365DD0003BB2EF /* EmojiArt (macOS) */ = {
			isa = PBXNativeTarget;
			buildConfigurationList = EF8CEB1C28365DD0003BB2EF /* Build configuration list for PBXNativeTarget "EmojiArt (macOS)" */;
			buildPhases = (
				EF8CEB0728365DD0003BB2EF /* Sources */,
				EF8CEB0828365DD0003BB2EF /* Frameworks */,
				EF8CEB0928365DD0003BB2EF /* Resources */,
			);
			buildRules = (
			);
			dependencies = (
			);
			name = "EmojiArt (macOS)";
			productName = "EmojiArt (macOS)";
			productReference = EF8CEB0B28365DD0003BB2EF /* EmojiArt.app */;
			productType = "com.apple.product-type.application";
		};
/* End PBXNativeTarget section */

/* Begin PBXProject section */
		EF8CEAF628365DCF003BB2EF /* Project object */ = {
			isa = PBXProject;
			attributes = {
				BuildIndependentTargetsInParallel = 1;
				LastSwiftUpdateCheck = 1330;
				LastUpgradeCheck = 1330;
				TargetAttributes = {
					EF8CEB0228365DD0003BB2EF = {
						CreatedOnToolsVersion = 13.3;
					};
					EF8CEB0A28365DD0003BB2EF = {
						CreatedOnToolsVersion = 13.3;
					};
				};
			};
			buildConfigurationList = EF8CEAF928365DCF003BB2EF /* Build configuration list for PBXProject "EmojiArt" */;
			compatibilityVersion = "Xcode 13.0";
			developmentRegion = en;
			hasScannedForEncodings = 0;
			knownRegions = (
				en,
				Base,
			);
			mainGroup = EF8CEAF528365DCF003BB2EF;
			productRefGroup = EF8CEB0428365DD0003BB2EF /* Products */;
			projectDirPath = "";
			projectRoot = "";
			targets = (
				EF8CEB0228365DD0003BB2EF /* EmojiArt (iOS) */,
				EF8CEB0A28365DD0003BB2EF /* EmojiArt (macOS) */,
			);
		};
/* End PBXProject section */

/* Begin PBXResourcesBuildPhase section */
		EF8CEB0128365DD0003BB2EF /* Resources */ = {
			isa = PBXResourcesBuildPhase;
			buildActionMask = 2147483647;
			files = (
				EF8CEB1528365DD0003BB2EF /* Assets.xcassets in Resources */,
			);
			runOnlyForDeploymentPostprocessing = 0;
		};
		EF8CEB0928365DD0003BB2EF /* Resources */ = {
			isa = PBXResourcesBuildPhase;
			buildActionMask = 2147483647;
			files = (
				EF8CEB1628365DD0003BB2EF /* Assets.xcassets in Resources */,
			);
			runOnlyForDeploymentPostprocessing = 0;
		};
/* End PBXResourcesBuildPhase section */

/* Begin PBXSourcesBuildPhase section */
		EF8CEAFF28365DD0003BB2EF /* Sources */ = {
			isa = PBXSourcesBuildPhase;
			buildActionMask = 2147483647;
			files = (
				EF8CEB3F28365FFC003BB2EF /* PaletteManager.swift in Sources */,
				EF8CEB2D28365FFC003BB2EF /* PhotoLibrary.swift in Sources */,
				EF8CEB0F28365DD0003BB2EF /* EmojiArtApp.swift in Sources */,
				EF8CEB3528365FFC003BB2EF /* EmojiArtModel.swift in Sources */,
				EF8CEB2F28365FFC003BB2EF /* PaletteEditor.swift in Sources */,
				EF8CEB3728365FFC003BB2EF /* PaletteStore.swift in Sources */,
				EF8CEB4828367565003BB2EF /* iOS.swift in Sources */,
				EF8CEB1128365DD0003BB2EF /* EmojiArtDocument.swift in Sources */,
				EF8CEB2B28365FFC003BB2EF /* EmojiArtDocumentView.swift in Sources */,
				EF8CEB3B28365FFC003BB2EF /* UtilityExtensions.swift in Sources */,
				EF8CEB3328365FFC003BB2EF /* EmojiArtModel.background.swift in Sources */,
				EF8CEB3928365FFC003BB2EF /* SelectionEffectModifire.swift in Sources */,
				EF8CEB3128365FFC003BB2EF /* PaletteChooser.swift in Sources */,
				EF8CEB4128365FFC003BB2EF /* Camera.swift in Sources */,
				EF8CEB3D28365FFC003BB2EF /* UtilityViews.swift in Sources */,
			);
			runOnlyForDeploymentPostprocessing = 0;
		};
		EF8CEB0728365DD0003BB2EF /* Sources */ = {
			isa = PBXSourcesBuildPhase;
			buildActionMask = 2147483647;
			files = (
				EF8CEB4528366FC8003BB2EF /* macOS.swift in Sources */,
				EF8CEB1028365DD0003BB2EF /* EmojiArtApp.swift in Sources */,
				EF8CEB3628365FFC003BB2EF /* EmojiArtModel.swift in Sources */,
				EF8CEB3028365FFC003BB2EF /* PaletteEditor.swift in Sources */,
				EF8CEB3828365FFC003BB2EF /* PaletteStore.swift in Sources */,
				EF8CEB1228365DD0003BB2EF /* EmojiArtDocument.swift in Sources */,
				EF8CEB2C28365FFC003BB2EF /* EmojiArtDocumentView.swift in Sources */,
				EF8CEB3C28365FFC003BB2EF /* UtilityExtensions.swift in Sources */,
				EF8CEB3428365FFC003BB2EF /* EmojiArtModel.background.swift in Sources */,
				EF8CEB3A28365FFC003BB2EF /* SelectionEffectModifire.swift in Sources */,
				EF8CEB3228365FFC003BB2EF /* PaletteChooser.swift in Sources */,
				EF8CEB3E28365FFC003BB2EF /* UtilityViews.swift in Sources */,
			);
			runOnlyForDeploymentPostprocessing = 0;
		};
/* End PBXSourcesBuildPhase section */

/* Begin XCBuildConfiguration section */
		EF8CEB1728365DD0003BB2EF /* Debug */ = {
			isa = XCBuildConfiguration;
			buildSettings = {
				ALWAYS_SEARCH_USER_PATHS = NO;
				CLANG_ANALYZER_NONNULL = YES;
				CLANG_ANALYZER_NUMBER_OBJECT_CONVERSION = YES_AGGRESSIVE;
				CLANG_CXX_LANGUAGE_STANDARD = "gnu++17";
				CLANG_ENABLE_MODULES = YES;
				CLANG_ENABLE_OBJC_ARC = YES;
				CLANG_ENABLE_OBJC_WEAK = YES;
				CLANG_WARN_BLOCK_CAPTURE_AUTORELEASING = YES;
				CLANG_WARN_BOOL_CONVERSION = YES;
				CLANG_WARN_COMMA = YES;
				CLANG_WARN_CONSTANT_CONVERSION = YES;
				CLANG_WARN_DEPRECATED_OBJC_IMPLEMENTATIONS = YES;
				CLANG_WARN_DIRECT_OBJC_ISA_USAGE = YES_ERROR;
				CLANG_WARN_DOCUMENTATION_COMMENTS = YES;
				CLANG_WARN_EMPTY_BODY = YES;
				CLANG_WARN_ENUM_CONVERSION = YES;
				CLANG_WARN_INFINITE_RECURSION = YES;
				CLANG_WARN_INT_CONVERSION = YES;
				CLANG_WARN_NON_LITERAL_NULL_CONVERSION = YES;
				CLANG_WARN_OBJC_IMPLICIT_RETAIN_SELF = YES;
				CLANG_WARN_OBJC_LITERAL_CONVERSION = YES;
				CLANG_WARN_OBJC_ROOT_CLASS = YES_ERROR;
				CLANG_WARN_QUOTED_INCLUDE_IN_FRAMEWORK_HEADER = YES;
				CLANG_WARN_RANGE_LOOP_ANALYSIS = YES;
				CLANG_WARN_STRICT_PROTOTYPES = YES;
				CLANG_WARN_SUSPICIOUS_MOVE = YES;
				CLANG_WARN_UNGUARDED_AVAILABILITY = YES_AGGRESSIVE;
				CLANG_WARN_UNREACHABLE_CODE = YES;
				CLANG_WARN__DUPLICATE_METHOD_MATCH = YES;
				COPY_PHASE_STRIP = NO;
				DEBUG_INFORMATION_FORMAT = dwarf;
				ENABLE_STRICT_OBJC_MSGSEND = YES;
				ENABLE_TESTABILITY = YES;
				GCC_C_LANGUAGE_STANDARD = gnu11;
				GCC_DYNAMIC_NO_PIC = NO;
				GCC_NO_COMMON_BLOCKS = YES;
				GCC_OPTIMIZATION_LEVEL = 0;
				GCC_PREPROCESSOR_DEFINITIONS = (
					"DEBUG=1",
					"$(inherited)",
				);
				GCC_WARN_64_TO_32_BIT_CONVERSION = YES;
				GCC_WARN_ABOUT_RETURN_TYPE = YES_ERROR;
				GCC_WARN_UNDECLARED_SELECTOR = YES;
				GCC_WARN_UNINITIALIZED_AUTOS = YES_AGGRESSIVE;
				GCC_WARN_UNUSED_FUNCTION = YES;
				GCC_WARN_UNUSED_VARIABLE = YES;
				MTL_ENABLE_DEBUG_INFO = INCLUDE_SOURCE;
				MTL_FAST_MATH = YES;
				ONLY_ACTIVE_ARCH = YES;
				SWIFT_ACTIVE_COMPILATION_CONDITIONS = DEBUG;
				SWIFT_OPTIMIZATION_LEVEL = "-Onone";
			};
			name = Debug;
		};
		EF8CEB1828365DD0003BB2EF /* Release */ = {
			isa = XCBuildConfiguration;
			buildSettings = {
				ALWAYS_SEARCH_USER_PATHS = NO;
				CLANG_ANALYZER_NONNULL = YES;
				CLANG_ANALYZER_NUMBER_OBJECT_CONVERSION = YES_AGGRESSIVE;
				CLANG_CXX_LANGUAGE_STANDARD = "gnu++17";
				CLANG_ENABLE_MODULES = YES;
				CLANG_ENABLE_OBJC_ARC = YES;
				CLANG_ENABLE_OBJC_WEAK = YES;
				CLANG_WARN_BLOCK_CAPTURE_AUTORELEASING = YES;
				CLANG_WARN_BOOL_CONVERSION = YES;
				CLANG_WARN_COMMA = YES;
				CLANG_WARN_CONSTANT_CONVERSION = YES;
				CLANG_WARN_DEPRECATED_OBJC_IMPLEMENTATIONS = YES;
				CLANG_WARN_DIRECT_OBJC_ISA_USAGE = YES_ERROR;
				CLANG_WARN_DOCUMENTATION_COMMENTS = YES;
				CLANG_WARN_EMPTY_BODY = YES;
				CLANG_WARN_ENUM_CONVERSION = YES;
				CLANG_WARN_INFINITE_RECURSION = YES;
				CLANG_WARN_INT_CONVERSION = YES;
				CLANG_WARN_NON_LITERAL_NULL_CONVERSION = YES;
				CLANG_WARN_OBJC_IMPLICIT_RETAIN_SELF = YES;
				CLANG_WARN_OBJC_LITERAL_CONVERSION = YES;
				CLANG_WARN_OBJC_ROOT_CLASS = YES_ERROR;
				CLANG_WARN_QUOTED_INCLUDE_IN_FRAMEWORK_HEADER = YES;
				CLANG_WARN_RANGE_LOOP_ANALYSIS = YES;
				CLANG_WARN_STRICT_PROTOTYPES = YES;
				CLANG_WARN_SUSPICIOUS_MOVE = YES;
				CLANG_WARN_UNGUARDED_AVAILABILITY = YES_AGGRESSIVE;
				CLANG_WARN_UNREACHABLE_CODE = YES;
				CLANG_WARN__DUPLICATE_METHOD_MATCH = YES;
				COPY_PHASE_STRIP = NO;
				DEBUG_INFORMATION_FORMAT = "dwarf-with-dsym";
				ENABLE_NS_ASSERTIONS = NO;
				ENABLE_STRICT_OBJC_MSGSEND = YES;
				GCC_C_LANGUAGE_STANDARD = gnu11;
				GCC_NO_COMMON_BLOCKS = YES;
				GCC_WARN_64_TO_32_BIT_CONVERSION = YES;
				GCC_WARN_ABOUT_RETURN_TYPE = YES_ERROR;
				GCC_WARN_UNDECLARED_SELECTOR = YES;
				GCC_WARN_UNINITIALIZED_AUTOS = YES_AGGRESSIVE;
				GCC_WARN_UNUSED_FUNCTION = YES;
				GCC_WARN_UNUSED_VARIABLE = YES;
				MTL_ENABLE_DEBUG_INFO = NO;
				MTL_FAST_MATH = YES;
				SWIFT_COMPILATION_MODE = wholemodule;
				SWIFT_OPTIMIZATION_LEVEL = "-O";
			};
			name = Release;
		};
		EF8CEB1A28365DD0003BB2EF /* Debug */ = {
			isa = XCBuildConfiguration;
			buildSettings = {
				ASSETCATALOG_COMPILER_APPICON_NAME = AppIcon;
				ASSETCATALOG_COMPILER_GLOBAL_ACCENT_COLOR_NAME = AccentColor;
				CODE_SIGN_STYLE = Automatic;
				CURRENT_PROJECT_VERSION = 1;
				DEVELOPMENT_TEAM = 8683DU5JVT;
				ENABLE_PREVIEWS = YES;
				GENERATE_INFOPLIST_FILE = YES;
				INFOPLIST_FILE = iOS/Info.plist;
				INFOPLIST_KEY_LSSupportsOpeningDocumentsInPlace = YES;
				INFOPLIST_KEY_UIApplicationSceneManifest_Generation = YES;
				INFOPLIST_KEY_UIApplicationSupportsIndirectInputEvents = YES;
				INFOPLIST_KEY_UILaunchScreen_Generation = YES;
				INFOPLIST_KEY_UISupportedInterfaceOrientations_iPad = "UIInterfaceOrientationPortrait UIInterfaceOrientationPortraitUpsideDown UIInterfaceOrientationLandscapeLeft UIInterfaceOrientationLandscapeRight";
				INFOPLIST_KEY_UISupportedInterfaceOrientations_iPhone = "UIInterfaceOrientationPortrait UIInterfaceOrientationLandscapeLeft UIInterfaceOrientationLandscapeRight";
				INFOPLIST_KEY_UISupportsDocumentBrowser = YES;
				IPHONEOS_DEPLOYMENT_TARGET = 15.4;
				LD_RUNPATH_SEARCH_PATHS = (
					"$(inherited)",
					"@executable_path/Frameworks",
				);
				MARKETING_VERSION = 1.0;
				PRODUCT_BUNDLE_IDENTIFIER = study.EmojiArt;
				PRODUCT_NAME = EmojiArt;
				SDKROOT = iphoneos;
				SWIFT_EMIT_LOC_STRINGS = YES;
				SWIFT_VERSION = 5.0;
				TARGETED_DEVICE_FAMILY = "1,2";
			};
			name = Debug;
		};
		EF8CEB1B28365DD0003BB2EF /* Release */ = {
			isa = XCBuildConfiguration;
			buildSettings = {
				ASSETCATALOG_COMPILER_APPICON_NAME = AppIcon;
				ASSETCATALOG_COMPILER_GLOBAL_ACCENT_COLOR_NAME = AccentColor;
				CODE_SIGN_STYLE = Automatic;
				CURRENT_PROJECT_VERSION = 1;
				DEVELOPMENT_TEAM = 8683DU5JVT;
				ENABLE_PREVIEWS = YES;
				GENERATE_INFOPLIST_FILE = YES;
				INFOPLIST_FILE = iOS/Info.plist;
				INFOPLIST_KEY_LSSupportsOpeningDocumentsInPlace = YES;
				INFOPLIST_KEY_UIApplicationSceneManifest_Generation = YES;
				INFOPLIST_KEY_UIApplicationSupportsIndirectInputEvents = YES;
				INFOPLIST_KEY_UILaunchScreen_Generation = YES;
				INFOPLIST_KEY_UISupportedInterfaceOrientations_iPad = "UIInterfaceOrientationPortrait UIInterfaceOrientationPortraitUpsideDown UIInterfaceOrientationLandscapeLeft UIInterfaceOrientationLandscapeRight";
				INFOPLIST_KEY_UISupportedInterfaceOrientations_iPhone = "UIInterfaceOrientationPortrait UIInterfaceOrientationLandscapeLeft UIInterfaceOrientationLandscapeRight";
				INFOPLIST_KEY_UISupportsDocumentBrowser = YES;
				IPHONEOS_DEPLOYMENT_TARGET = 15.4;
				LD_RUNPATH_SEARCH_PATHS = (
					"$(inherited)",
					"@executable_path/Frameworks",
				);
				MARKETING_VERSION = 1.0;
				PRODUCT_BUNDLE_IDENTIFIER = study.EmojiArt;
				PRODUCT_NAME = EmojiArt;
				SDKROOT = iphoneos;
				SWIFT_EMIT_LOC_STRINGS = YES;
				SWIFT_VERSION = 5.0;
				TARGETED_DEVICE_FAMILY = "1,2";
				VALIDATE_PRODUCT = YES;
			};
			name = Release;
		};
		EF8CEB1D28365DD0003BB2EF /* Debug */ = {
			isa = XCBuildConfiguration;
			buildSettings = {
				ASSETCATALOG_COMPILER_APPICON_NAME = AppIcon;
				ASSETCATALOG_COMPILER_GLOBAL_ACCENT_COLOR_NAME = AccentColor;
				CODE_SIGN_ENTITLEMENTS = macOS/macOS.entitlements;
				CODE_SIGN_STYLE = Automatic;
				COMBINE_HIDPI_IMAGES = YES;
				CURRENT_PROJECT_VERSION = 1;
				DEVELOPMENT_TEAM = 8683DU5JVT;
				ENABLE_HARDENED_RUNTIME = YES;
				ENABLE_PREVIEWS = YES;
				GENERATE_INFOPLIST_FILE = YES;
				INFOPLIST_FILE = macOS/Info.plist;
				INFOPLIST_KEY_NSHumanReadableCopyright = "";
				LD_RUNPATH_SEARCH_PATHS = (
					"$(inherited)",
					"@executable_path/../Frameworks",
				);
				MACOSX_DEPLOYMENT_TARGET = 12.3;
				MARKETING_VERSION = 1.0;
				PRODUCT_BUNDLE_IDENTIFIER = study.EmojiArt;
				PRODUCT_NAME = EmojiArt;
				SDKROOT = macosx;
				SWIFT_EMIT_LOC_STRINGS = YES;
				SWIFT_VERSION = 5.0;
			};
			name = Debug;
		};
		EF8CEB1E28365DD0003BB2EF /* Release */ = {
			isa = XCBuildConfiguration;
			buildSettings = {
				ASSETCATALOG_COMPILER_APPICON_NAME = AppIcon;
				ASSETCATALOG_COMPILER_GLOBAL_ACCENT_COLOR_NAME = AccentColor;
				CODE_SIGN_ENTITLEMENTS = macOS/macOS.entitlements;
				CODE_SIGN_STYLE = Automatic;
				COMBINE_HIDPI_IMAGES = YES;
				CURRENT_PROJECT_VERSION = 1;
				DEVELOPMENT_TEAM = 8683DU5JVT;
				ENABLE_HARDENED_RUNTIME = YES;
				ENABLE_PREVIEWS = YES;
				GENERATE_INFOPLIST_FILE = YES;
				INFOPLIST_FILE = macOS/Info.plist;
				INFOPLIST_KEY_NSHumanReadableCopyright = "";
				LD_RUNPATH_SEARCH_PATHS = (
					"$(inherited)",
					"@executable_path/../Frameworks",
				);
				MACOSX_DEPLOYMENT_TARGET = 12.3;
				MARKETING_VERSION = 1.0;
				PRODUCT_BUNDLE_IDENTIFIER = study.EmojiArt;
				PRODUCT_NAME = EmojiArt;
				SDKROOT = macosx;
				SWIFT_EMIT_LOC_STRINGS = YES;
				SWIFT_VERSION = 5.0;
			};
			name = Release;
		};
/* End XCBuildConfiguration section */

/* Begin XCConfigurationList section */
		EF8CEAF928365DCF003BB2EF /* Build configuration list for PBXProject "EmojiArt" */ = {
			isa = XCConfigurationList;
			buildConfigurations = (
				EF8CEB1728365DD0003BB2EF /* Debug */,
				EF8CEB1828365DD0003BB2EF /* Release */,
			);
			defaultConfigurationIsVisible = 0;
			defaultConfigurationName = Release;
		};
		EF8CEB1928365DD0003BB2EF /* Build configuration list for PBXNativeTarget "EmojiArt (iOS)" */ = {
			isa = XCConfigurationList;
			buildConfigurations = (
				EF8CEB1A28365DD0003BB2EF /* Debug */,
				EF8CEB1B28365DD0003BB2EF /* Release */,
			);
			defaultConfigurationIsVisible = 0;
			defaultConfigurationName = Release;
		};
		EF8CEB1C28365DD0003BB2EF /* Build configuration list for PBXNativeTarget "EmojiArt (macOS)" */ = {
			isa = XCConfigurationList;
			buildConfigurations = (
				EF8CEB1D28365DD0003BB2EF /* Debug */,
				EF8CEB1E28365DD0003BB2EF /* Release */,
			);
			defaultConfigurationIsVisible = 0;
			defaultConfigurationName = Release;
		};
/* End XCConfigurationList section */
	};
	rootObject = EF8CEAF628365DCF003BB2EF /* Project object */;
}
