// !$*UTF8*$!
{
	archiveVersion = 1;
	classes = {
	};
	objectVersion = 55;
	objects = {

/* Begin PBXBuildFile section */
		EF2C13DC27EF35D40014E2A2 /* Memorize21App.swift in Sources */ = {isa = PBXBuildFile; fileRef = EF2C13DB27EF35D40014E2A2 /* Memorize21App.swift */; };
		EF2C13DE27EF35D40014E2A2 /* EmojiMemoryGameView.swift in Sources */ = {isa = PBXBuildFile; fileRef = EF2C13DD27EF35D40014E2A2 /* EmojiMemoryGameView.swift */; };
		EF2C13E027EF35D60014E2A2 /* Assets.xcassets in Resources */ = {isa = PBXBuildFile; fileRef = EF2C13DF27EF35D60014E2A2 /* Assets.xcassets */; };
		EF2C13E327EF35D60014E2A2 /* Preview Assets.xcassets in Resources */ = {isa = PBXBuildFile; fileRef = EF2C13E227EF35D60014E2A2 /* Preview Assets.xcassets */; };
		EF2C140427F07A260014E2A2 /* MemoryGame.swift in Sources */ = {isa = PBXBuildFile; fileRef = EF2C140327F07A260014E2A2 /* MemoryGame.swift */; };
		EF2C140627F07EEC0014E2A2 /* EmojiMemoryGame.swift in Sources */ = {isa = PBXBuildFile; fileRef = EF2C140527F07EEC0014E2A2 /* EmojiMemoryGame.swift */; };
		EFE82CEB27FCAE6E004141FF /* AspectVGrid.swift in Sources */ = {isa = PBXBuildFile; fileRef = EFE82CEA27FCAE6E004141FF /* AspectVGrid.swift */; };
		EFE82CED27FCC6A7004141FF /* Pie.swift in Sources */ = {isa = PBXBuildFile; fileRef = EFE82CEC27FCC6A7004141FF /* Pie.swift */; };
		EFE82CF527FE22DC004141FF /* Cardify.swift in Sources */ = {isa = PBXBuildFile; fileRef = EFE82CF427FE22DC004141FF /* Cardify.swift */; };
/* End PBXBuildFile section */

/* Begin PBXFileReference section */
		EF2C13D827EF35D40014E2A2 /* Memorize21.app */ = {isa = PBXFileReference; explicitFileType = wrapper.application; includeInIndex = 0; path = Memorize21.app; sourceTree = BUILT_PRODUCTS_DIR; };
		EF2C13DB27EF35D40014E2A2 /* Memorize21App.swift */ = {isa = PBXFileReference; lastKnownFileType = sourcecode.swift; path = Memorize21App.swift; sourceTree = "<group>"; };
		EF2C13DD27EF35D40014E2A2 /* EmojiMemoryGameView.swift */ = {isa = PBXFileReference; lastKnownFileType = sourcecode.swift; path = EmojiMemoryGameView.swift; sourceTree = "<group>"; };
		EF2C13DF27EF35D60014E2A2 /* Assets.xcassets */ = {isa = PBXFileReference; lastKnownFileType = folder.assetcatalog; path = Assets.xcassets; sourceTree = "<group>"; };
		EF2C13E227EF35D60014E2A2 /* Preview Assets.xcassets */ = {isa = PBXFileReference; lastKnownFileType = folder.assetcatalog; path = "Preview Assets.xcassets"; sourceTree = "<group>"; };
		EF2C140327F07A260014E2A2 /* MemoryGame.swift */ = {isa = PBXFileReference; lastKnownFileType = sourcecode.swift; path = MemoryGame.swift; sourceTree = "<group>"; };
		EF2C140527F07EEC0014E2A2 /* EmojiMemoryGame.swift */ = {isa = PBXFileReference; lastKnownFileType = sourcecode.swift; path = EmojiMemoryGame.swift; sourceTree = "<group>"; };
		EFE82CEA27FCAE6E004141FF /* AspectVGrid.swift */ = {isa = PBXFileReference; lastKnownFileType = sourcecode.swift; path = AspectVGrid.swift; sourceTree = "<group>"; };
		EFE82CEC27FCC6A7004141FF /* Pie.swift */ = {isa = PBXFileReference; lastKnownFileType = sourcecode.swift; path = Pie.swift; sourceTree = "<group>"; };
		EFE82CF427FE22DC004141FF /* Cardify.swift */ = {isa = PBXFileReference; lastKnownFileType = sourcecode.swift; path = Cardify.swift; sourceTree = "<group>"; };
/* End PBXFileReference section */

/* Begin PBXFrameworksBuildPhase section */
		EF2C13D527EF35D40014E2A2 /* Frameworks */ = {
			isa = PBXFrameworksBuildPhase;
			buildActionMask = 2147483647;
			files = (
			);
			runOnlyForDeploymentPostprocessing = 0;
		};
/* End PBXFrameworksBuildPhase section */

/* Begin PBXGroup section */
		EF2C13CF27EF35D40014E2A2 = {
			isa = PBXGroup;
			children = (
				EF2C13DA27EF35D40014E2A2 /* Memorize21 */,
				EF2C13D927EF35D40014E2A2 /* Products */,
			);
			sourceTree = "<group>";
		};
		EF2C13D927EF35D40014E2A2 /* Products */ = {
			isa = PBXGroup;
			children = (
				EF2C13D827EF35D40014E2A2 /* Memorize21.app */,
			);
			name = Products;
			sourceTree = "<group>";
		};
		EF2C13DA27EF35D40014E2A2 /* Memorize21 */ = {
			isa = PBXGroup;
			children = (
				EFE82CEA27FCAE6E004141FF /* AspectVGrid.swift */,
				EF2C13DB27EF35D40014E2A2 /* Memorize21App.swift */,
				EF2C13DD27EF35D40014E2A2 /* EmojiMemoryGameView.swift */,
				EFE82CF427FE22DC004141FF /* Cardify.swift */,
				EFE82CEC27FCC6A7004141FF /* Pie.swift */,
				EF2C140327F07A260014E2A2 /* MemoryGame.swift */,
				EF2C140527F07EEC0014E2A2 /* EmojiMemoryGame.swift */,
				EF2C13DF27EF35D60014E2A2 /* Assets.xcassets */,
				EF2C13E127EF35D60014E2A2 /* Preview Content */,
			);
			path = Memorize21;
			sourceTree = "<group>";
		};
		EF2C13E127EF35D60014E2A2 /* Preview Content */ = {
			isa = PBXGroup;
			children = (
				EF2C13E227EF35D60014E2A2 /* Preview Assets.xcassets */,
			);
			path = "Preview Content";
			sourceTree = "<group>";
		};
/* End PBXGroup section */

/* Begin PBXNativeTarget section */
		EF2C13D727EF35D40014E2A2 /* Memorize21 */ = {
			isa = PBXNativeTarget;
			buildConfigurationList = EF2C13E627EF35D60014E2A2 /* Build configuration list for PBXNativeTarget "Memorize21" */;
			buildPhases = (
				EF2C13D427EF35D40014E2A2 /* Sources */,
				EF2C13D527EF35D40014E2A2 /* Frameworks */,
				EF2C13D627EF35D40014E2A2 /* Resources */,
			);
			buildRules = (
			);
			dependencies = (
			);
			name = Memorize21;
			productName = Memorize21;
			productReference = EF2C13D827EF35D40014E2A2 /* Memorize21.app */;
			productType = "com.apple.product-type.application";
		};
/* End PBXNativeTarget section */

/* Begin PBXProject section */
		EF2C13D027EF35D40014E2A2 /* Project object */ = {
			isa = PBXProject;
			attributes = {
				BuildIndependentTargetsInParallel = 1;
				LastSwiftUpdateCheck = 1330;
				LastUpgradeCheck = 1330;
				TargetAttributes = {
					EF2C13D727EF35D40014E2A2 = {
						CreatedOnToolsVersion = 13.3;
					};
				};
			};
			buildConfigurationList = EF2C13D327EF35D40014E2A2 /* Build configuration list for PBXProject "Memorize21" */;
			compatibilityVersion = "Xcode 13.0";
			developmentRegion = en;
			hasScannedForEncodings = 0;
			knownRegions = (
				en,
				Base,
			);
			mainGroup = EF2C13CF27EF35D40014E2A2;
			productRefGroup = EF2C13D927EF35D40014E2A2 /* Products */;
			projectDirPath = "";
			projectRoot = "";
			targets = (
				EF2C13D727EF35D40014E2A2 /* Memorize21 */,
			);
		};
/* End PBXProject section */

/* Begin PBXResourcesBuildPhase section */
		EF2C13D627EF35D40014E2A2 /* Resources */ = {
			isa = PBXResourcesBuildPhase;
			buildActionMask = 2147483647;
			files = (
				EF2C13E327EF35D60014E2A2 /* Preview Assets.xcassets in Resources */,
				EF2C13E027EF35D60014E2A2 /* Assets.xcassets in Resources */,
			);
			runOnlyForDeploymentPostprocessing = 0;
		};
/* End PBXResourcesBuildPhase section */

/* Begin PBXSourcesBuildPhase section */
		EF2C13D427EF35D40014E2A2 /* Sources */ = {
			isa = PBXSourcesBuildPhase;
			buildActionMask = 2147483647;
			files = (
				EFE82CED27FCC6A7004141FF /* Pie.swift in Sources */,
				EFE82CF527FE22DC004141FF /* Cardify.swift in Sources */,
				EF2C140427F07A260014E2A2 /* MemoryGame.swift in Sources */,
				EF2C13DE27EF35D40014E2A2 /* EmojiMemoryGameView.swift in Sources */,
				EF2C13DC27EF35D40014E2A2 /* Memorize21App.swift in Sources */,
				EFE82CEB27FCAE6E004141FF /* AspectVGrid.swift in Sources */,
				EF2C140627F07EEC0014E2A2 /* EmojiMemoryGame.swift in Sources */,
			);
			runOnlyForDeploymentPostprocessing = 0;
		};
/* End PBXSourcesBuildPhase section */

/* Begin XCBuildConfiguration section */
		EF2C13E427EF35D60014E2A2 /* Debug */ = {
			isa = XCBuildConfiguration;
			buildSettings = {
				ALWAYS_SEARCH_USER_PATHS = NO;
				CLANG_ANALYZER_NONNULL = YES;
				CLANG_ANALYZER_NUMBER_OBJECT_CONVERSION = YES_AGGRESSIVE;
				CLANG_CXX_LANGUAGE_STANDARD = "gnu++17";
				CLANG_ENABLE_MODULES = YES;
				CLANG_ENABLE_OBJC_ARC = YES;
				CLANG_ENABLE_OBJC_WEAK = YES;
				CLANG_WARN_BLOCK_CAPTURE_AUTORELEASING = YES;
				CLANG_WARN_BOOL_CONVERSION = YES;
				CLANG_WARN_COMMA = YES;
				CLANG_WARN_CONSTANT_CONVERSION = YES;
				CLANG_WARN_DEPRECATED_OBJC_IMPLEMENTATIONS = YES;
				CLANG_WARN_DIRECT_OBJC_ISA_USAGE = YES_ERROR;
				CLANG_WARN_DOCUMENTATION_COMMENTS = YES;
				CLANG_WARN_EMPTY_BODY = YES;
				CLANG_WARN_ENUM_CONVERSION = YES;
				CLANG_WARN_INFINITE_RECURSION = YES;
				CLANG_WARN_INT_CONVERSION = YES;
				CLANG_WARN_NON_LITERAL_NULL_CONVERSION = YES;
				CLANG_WARN_OBJC_IMPLICIT_RETAIN_SELF = YES;
				CLANG_WARN_OBJC_LITERAL_CONVERSION = YES;
				CLANG_WARN_OBJC_ROOT_CLASS = YES_ERROR;
				CLANG_WARN_QUOTED_INCLUDE_IN_FRAMEWORK_HEADER = YES;
				CLANG_WARN_RANGE_LOOP_ANALYSIS = YES;
				CLANG_WARN_STRICT_PROTOTYPES = YES;
				CLANG_WARN_SUSPICIOUS_MOVE = YES;
				CLANG_WARN_UNGUARDED_AVAILABILITY = YES_AGGRESSIVE;
				CLANG_WARN_UNREACHABLE_CODE = YES;
				CLANG_WARN__DUPLICATE_METHOD_MATCH = YES;
				COPY_PHASE_STRIP = NO;
				DEBUG_INFORMATION_FORMAT = dwarf;
				ENABLE_STRICT_OBJC_MSGSEND = YES;
				ENABLE_TESTABILITY = YES;
				GCC_C_LANGUAGE_STANDARD = gnu11;
				GCC_DYNAMIC_NO_PIC = NO;
				GCC_NO_COMMON_BLOCKS = YES;
				GCC_OPTIMIZATION_LEVEL = 0;
				GCC_PREPROCESSOR_DEFINITIONS = (
					"DEBUG=1",
					"$(inherited)",
				);
				GCC_WARN_64_TO_32_BIT_CONVERSION = YES;
				GCC_WARN_ABOUT_RETURN_TYPE = YES_ERROR;
				GCC_WARN_UNDECLARED_SELECTOR = YES;
				GCC_WARN_UNINITIALIZED_AUTOS = YES_AGGRESSIVE;
				GCC_WARN_UNUSED_FUNCTION = YES;
				GCC_WARN_UNUSED_VARIABLE = YES;
				IPHONEOS_DEPLOYMENT_TARGET = 15.4;
				MTL_ENABLE_DEBUG_INFO = INCLUDE_SOURCE;
				MTL_FAST_MATH = YES;
				ONLY_ACTIVE_ARCH = YES;
				SDKROOT = iphoneos;
				SWIFT_ACTIVE_COMPILATION_CONDITIONS = DEBUG;
				SWIFT_OPTIMIZATION_LEVEL = "-Onone";
			};
			name = Debug;
		};
		EF2C13E527EF35D60014E2A2 /* Release */ = {
			isa = XCBuildConfiguration;
			buildSettings = {
				ALWAYS_SEARCH_USER_PATHS = NO;
				CLANG_ANALYZER_NONNULL = YES;
				CLANG_ANALYZER_NUMBER_OBJECT_CONVERSION = YES_AGGRESSIVE;
				CLANG_CXX_LANGUAGE_STANDARD = "gnu++17";
				CLANG_ENABLE_MODULES = YES;
				CLANG_ENABLE_OBJC_ARC = YES;
				CLANG_ENABLE_OBJC_WEAK = YES;
				CLANG_WARN_BLOCK_CAPTURE_AUTORELEASING = YES;
				CLANG_WARN_BOOL_CONVERSION = YES;
				CLANG_WARN_COMMA = YES;
				CLANG_WARN_CONSTANT_CONVERSION = YES;
				CLANG_WARN_DEPRECATED_OBJC_IMPLEMENTATIONS = YES;
				CLANG_WARN_DIRECT_OBJC_ISA_USAGE = YES_ERROR;
				CLANG_WARN_DOCUMENTATION_COMMENTS = YES;
				CLANG_WARN_EMPTY_BODY = YES;
				CLANG_WARN_ENUM_CONVERSION = YES;
				CLANG_WARN_INFINITE_RECURSION = YES;
				CLANG_WARN_INT_CONVERSION = YES;
				CLANG_WARN_NON_LITERAL_NULL_CONVERSION = YES;
				CLANG_WARN_OBJC_IMPLICIT_RETAIN_SELF = YES;
				CLANG_WARN_OBJC_LITERAL_CONVERSION = YES;
				CLANG_WARN_OBJC_ROOT_CLASS = YES_ERROR;
				CLANG_WARN_QUOTED_INCLUDE_IN_FRAMEWORK_HEADER = YES;
				CLANG_WARN_RANGE_LOOP_ANALYSIS = YES;
				CLANG_WARN_STRICT_PROTOTYPES = YES;
				CLANG_WARN_SUSPICIOUS_MOVE = YES;
				CLANG_WARN_UNGUARDED_AVAILABILITY = YES_AGGRESSIVE;
				CLANG_WARN_UNREACHABLE_CODE = YES;
				CLANG_WARN__DUPLICATE_METHOD_MATCH = YES;
				COPY_PHASE_STRIP = NO;
				DEBUG_INFORMATION_FORMAT = "dwarf-with-dsym";
				ENABLE_NS_ASSERTIONS = NO;
				ENABLE_STRICT_OBJC_MSGSEND = YES;
				GCC_C_LANGUAGE_STANDARD = gnu11;
				GCC_NO_COMMON_BLOCKS = YES;
				GCC_WARN_64_TO_32_BIT_CONVERSION = YES;
				GCC_WARN_ABOUT_RETURN_TYPE = YES_ERROR;
				GCC_WARN_UNDECLARED_SELECTOR = YES;
				GCC_WARN_UNINITIALIZED_AUTOS = YES_AGGRESSIVE;
				GCC_WARN_UNUSED_FUNCTION = YES;
				GCC_WARN_UNUSED_VARIABLE = YES;
				IPHONEOS_DEPLOYMENT_TARGET = 15.4;
				MTL_ENABLE_DEBUG_INFO = NO;
				MTL_FAST_MATH = YES;
				SDKROOT = iphoneos;
				SWIFT_COMPILATION_MODE = wholemodule;
				SWIFT_OPTIMIZATION_LEVEL = "-O";
				VALIDATE_PRODUCT = YES;
			};
			name = Release;
		};
		EF2C13E727EF35D60014E2A2 /* Debug */ = {
			isa = XCBuildConfiguration;
			buildSettings = {
				ASSETCATALOG_COMPILER_APPICON_NAME = AppIcon;
				ASSETCATALOG_COMPILER_GLOBAL_ACCENT_COLOR_NAME = AccentColor;
				CODE_SIGN_STYLE = Automatic;
				CURRENT_PROJECT_VERSION = 1;
				DEVELOPMENT_ASSET_PATHS = "\"Memorize21/Preview Content\"";
				DEVELOPMENT_TEAM = 8683DU5JVT;
				ENABLE_PREVIEWS = YES;
				GENERATE_INFOPLIST_FILE = YES;
				INFOPLIST_KEY_UIApplicationSceneManifest_Generation = YES;
				INFOPLIST_KEY_UIApplicationSupportsIndirectInputEvents = YES;
				INFOPLIST_KEY_UILaunchScreen_Generation = YES;
				INFOPLIST_KEY_UISupportedInterfaceOrientations_iPad = "UIInterfaceOrientationPortrait UIInterfaceOrientationPortraitUpsideDown UIInterfaceOrientationLandscapeLeft UIInterfaceOrientationLandscapeRight";
				INFOPLIST_KEY_UISupportedInterfaceOrientations_iPhone = "UIInterfaceOrientationPortrait UIInterfaceOrientationLandscapeLeft UIInterfaceOrientationLandscapeRight";
				LD_RUNPATH_SEARCH_PATHS = (
					"$(inherited)",
					"@executable_path/Frameworks",
				);
				MARKETING_VERSION = 1.0;
				PRODUCT_BUNDLE_IDENTIFIER = study.Memorize21;
				PRODUCT_NAME = "$(TARGET_NAME)";
				SWIFT_EMIT_LOC_STRINGS = YES;
				SWIFT_VERSION = 5.0;
				TARGETED_DEVICE_FAMILY = "1,2";
			};
			name = Debug;
		};
		EF2C13E827EF35D60014E2A2 /* Release */ = {
			isa = XCBuildConfiguration;
			buildSettings = {
				ASSETCATALOG_COMPILER_APPICON_NAME = AppIcon;
				ASSETCATALOG_COMPILER_GLOBAL_ACCENT_COLOR_NAME = AccentColor;
				CODE_SIGN_STYLE = Automatic;
				CURRENT_PROJECT_VERSION = 1;
				DEVELOPMENT_ASSET_PATHS = "\"Memorize21/Preview Content\"";
				DEVELOPMENT_TEAM = 8683DU5JVT;
				ENABLE_PREVIEWS = YES;
				GENERATE_INFOPLIST_FILE = YES;
				INFOPLIST_KEY_UIApplicationSceneManifest_Generation = YES;
				INFOPLIST_KEY_UIApplicationSupportsIndirectInputEvents = YES;
				INFOPLIST_KEY_UILaunchScreen_Generation = YES;
				INFOPLIST_KEY_UISupportedInterfaceOrientations_iPad = "UIInterfaceOrientationPortrait UIInterfaceOrientationPortraitUpsideDown UIInterfaceOrientationLandscapeLeft UIInterfaceOrientationLandscapeRight";
				INFOPLIST_KEY_UISupportedInterfaceOrientations_iPhone = "UIInterfaceOrientationPortrait UIInterfaceOrientationLandscapeLeft UIInterfaceOrientationLandscapeRight";
				LD_RUNPATH_SEARCH_PATHS = (
					"$(inherited)",
					"@executable_path/Frameworks",
				);
				MARKETING_VERSION = 1.0;
				PRODUCT_BUNDLE_IDENTIFIER = study.Memorize21;
				PRODUCT_NAME = "$(TARGET_NAME)";
				SWIFT_EMIT_LOC_STRINGS = YES;
				SWIFT_VERSION = 5.0;
				TARGETED_DEVICE_FAMILY = "1,2";
			};
			name = Release;
		};
/* End XCBuildConfiguration section */

/* Begin XCConfigurationList section */
		EF2C13D327EF35D40014E2A2 /* Build configuration list for PBXProject "Memorize21" */ = {
			isa = XCConfigurationList;
			buildConfigurations = (
				EF2C13E427EF35D60014E2A2 /* Debug */,
				EF2C13E527EF35D60014E2A2 /* Release */,
			);
			defaultConfigurationIsVisible = 0;
			defaultConfigurationName = Release;
		};
		EF2C13E627EF35D60014E2A2 /* Build configuration list for PBXNativeTarget "Memorize21" */ = {
			isa = XCConfigurationList;
			buildConfigurations = (
				EF2C13E727EF35D60014E2A2 /* Debug */,
				EF2C13E827EF35D60014E2A2 /* Release */,
			);
			defaultConfigurationIsVisible = 0;
			defaultConfigurationName = Release;
		};
/* End XCConfigurationList section */
	};
	rootObject = EF2C13D027EF35D40014E2A2 /* Project object */;
}
