// !$*UTF8*$!
{
	archiveVersion = 1;
	classes = {
	};
	objectVersion = 55;
	objects = {

/* Begin PBXBuildFile section */
		EF8CEB59283CE23A003BB2EF /* Memorize_4_0App.swift in Sources */ = {isa = PBXBuildFile; fileRef = EF8CEB58283CE23A003BB2EF /* Memorize_4_0App.swift */; };
		EF8CEB5B283CE23A003BB2EF /* EmojiMemoryGameView.swift in Sources */ = {isa = PBXBuildFile; fileRef = EF8CEB5A283CE23A003BB2EF /* EmojiMemoryGameView.swift */; };
		EF8CEB5D283CE23F003BB2EF /* Assets.xcassets in Resources */ = {isa = PBXBuildFile; fileRef = EF8CEB5C283CE23F003BB2EF /* Assets.xcassets */; };
		EF8CEB60283CE23F003BB2EF /* Preview Assets.xcassets in Resources */ = {isa = PBXBuildFile; fileRef = EF8CEB5F283CE23F003BB2EF /* Preview Assets.xcassets */; };
		EF8CEB69283CE318003BB2EF /* MemoryGame.swift in Sources */ = {isa = PBXBuildFile; fileRef = EF8CEB68283CE318003BB2EF /* MemoryGame.swift */; };
		EF8CEB6B283CE6A4003BB2EF /* EmojiMemoryGame.swift in Sources */ = {isa = PBXBuildFile; fileRef = EF8CEB6A283CE6A4003BB2EF /* EmojiMemoryGame.swift */; };
		EF8CEB6D283E2C24003BB2EF /* AspectVGrid.swift in Sources */ = {isa = PBXBuildFile; fileRef = EF8CEB6C283E2C24003BB2EF /* AspectVGrid.swift */; };
		EF8CEB6F283E3012003BB2EF /* Cardify.swift in Sources */ = {isa = PBXBuildFile; fileRef = EF8CEB6E283E3012003BB2EF /* Cardify.swift */; };
		EF8CEB71283FE67F003BB2EF /* ThemeStore.swift in Sources */ = {isa = PBXBuildFile; fileRef = EF8CEB70283FE67F003BB2EF /* ThemeStore.swift */; };
		EF8CEB73283FE6CB003BB2EF /* UtilityExtention.swift in Sources */ = {isa = PBXBuildFile; fileRef = EF8CEB72283FE6CB003BB2EF /* UtilityExtention.swift */; };
		EF8CEB75283FE8F9003BB2EF /* ThemeChooser.swift in Sources */ = {isa = PBXBuildFile; fileRef = EF8CEB74283FE8F9003BB2EF /* ThemeChooser.swift */; };
		EF8CEB77283FE943003BB2EF /* ThemeEditor.swift in Sources */ = {isa = PBXBuildFile; fileRef = EF8CEB76283FE943003BB2EF /* ThemeEditor.swift */; };
		EF8CEB792844C259003BB2EF /* Pie.swift in Sources */ = {isa = PBXBuildFile; fileRef = EF8CEB782844C259003BB2EF /* Pie.swift */; };
/* End PBXBuildFile section */

/* Begin PBXFileReference section */
		EF8CEB55283CE23A003BB2EF /* Memorize_4.0.app */ = {isa = PBXFileReference; explicitFileType = wrapper.application; includeInIndex = 0; path = Memorize_4.0.app; sourceTree = BUILT_PRODUCTS_DIR; };
		EF8CEB58283CE23A003BB2EF /* Memorize_4_0App.swift */ = {isa = PBXFileReference; lastKnownFileType = sourcecode.swift; path = Memorize_4_0App.swift; sourceTree = "<group>"; };
		EF8CEB5A283CE23A003BB2EF /* EmojiMemoryGameView.swift */ = {isa = PBXFileReference; lastKnownFileType = sourcecode.swift; path = EmojiMemoryGameView.swift; sourceTree = "<group>"; };
		EF8CEB5C283CE23F003BB2EF /* Assets.xcassets */ = {isa = PBXFileReference; lastKnownFileType = folder.assetcatalog; path = Assets.xcassets; sourceTree = "<group>"; };
		EF8CEB5F283CE23F003BB2EF /* Preview Assets.xcassets */ = {isa = PBXFileReference; lastKnownFileType = folder.assetcatalog; path = "Preview Assets.xcassets"; sourceTree = "<group>"; };
		EF8CEB68283CE318003BB2EF /* MemoryGame.swift */ = {isa = PBXFileReference; lastKnownFileType = sourcecode.swift; path = MemoryGame.swift; sourceTree = "<group>"; };
		EF8CEB6A283CE6A4003BB2EF /* EmojiMemoryGame.swift */ = {isa = PBXFileReference; lastKnownFileType = sourcecode.swift; path = EmojiMemoryGame.swift; sourceTree = "<group>"; };
		EF8CEB6C283E2C24003BB2EF /* AspectVGrid.swift */ = {isa = PBXFileReference; lastKnownFileType = sourcecode.swift; path = AspectVGrid.swift; sourceTree = "<group>"; };
		EF8CEB6E283E3012003BB2EF /* Cardify.swift */ = {isa = PBXFileReference; lastKnownFileType = sourcecode.swift; path = Cardify.swift; sourceTree = "<group>"; };
		EF8CEB70283FE67F003BB2EF /* ThemeStore.swift */ = {isa = PBXFileReference; lastKnownFileType = sourcecode.swift; path = ThemeStore.swift; sourceTree = "<group>"; };
		EF8CEB72283FE6CB003BB2EF /* UtilityExtention.swift */ = {isa = PBXFileReference; lastKnownFileType = sourcecode.swift; path = UtilityExtention.swift; sourceTree = "<group>"; };
		EF8CEB74283FE8F9003BB2EF /* ThemeChooser.swift */ = {isa = PBXFileReference; lastKnownFileType = sourcecode.swift; path = ThemeChooser.swift; sourceTree = "<group>"; };
		EF8CEB76283FE943003BB2EF /* ThemeEditor.swift */ = {isa = PBXFileReference; lastKnownFileType = sourcecode.swift; path = ThemeEditor.swift; sourceTree = "<group>"; };
		EF8CEB782844C259003BB2EF /* Pie.swift */ = {isa = PBXFileReference; lastKnownFileType = sourcecode.swift; path = Pie.swift; sourceTree = "<group>"; };
/* End PBXFileReference section */

/* Begin PBXFrameworksBuildPhase section */
		EF8CEB52283CE239003BB2EF /* Frameworks */ = {
			isa = PBXFrameworksBuildPhase;
			buildActionMask = 2147483647;
			files = (
			);
			runOnlyForDeploymentPostprocessing = 0;
		};
/* End PBXFrameworksBuildPhase section */

/* Begin PBXGroup section */
		EF8CEB4C283CE239003BB2EF = {
			isa = PBXGroup;
			children = (
				EF8CEB57283CE23A003BB2EF /* Memorize_4.0 */,
				EF8CEB56283CE23A003BB2EF /* Products */,
			);
			sourceTree = "<group>";
		};
		EF8CEB56283CE23A003BB2EF /* Products */ = {
			isa = PBXGroup;
			children = (
				EF8CEB55283CE23A003BB2EF /* Memorize_4.0.app */,
			);
			name = Products;
			sourceTree = "<group>";
		};
		EF8CEB57283CE23A003BB2EF /* Memorize_4.0 */ = {
			isa = PBXGroup;
			children = (
				EF8CEB58283CE23A003BB2EF /* Memorize_4_0App.swift */,
				EF8CEB68283CE318003BB2EF /* MemoryGame.swift */,
				EF8CEB6A283CE6A4003BB2EF /* EmojiMemoryGame.swift */,
				EF8CEB5A283CE23A003BB2EF /* EmojiMemoryGameView.swift */,
				EF8CEB70283FE67F003BB2EF /* ThemeStore.swift */,
				EF8CEB74283FE8F9003BB2EF /* ThemeChooser.swift */,
				EF8CEB76283FE943003BB2EF /* ThemeEditor.swift */,
				EF8CEB72283FE6CB003BB2EF /* UtilityExtention.swift */,
				EF8CEB6E283E3012003BB2EF /* Cardify.swift */,
				EF8CEB6C283E2C24003BB2EF /* AspectVGrid.swift */,
				EF8CEB782844C259003BB2EF /* Pie.swift */,
				EF8CEB5C283CE23F003BB2EF /* Assets.xcassets */,
				EF8CEB5E283CE23F003BB2EF /* Preview Content */,
			);
			path = Memorize_4.0;
			sourceTree = "<group>";
		};
		EF8CEB5E283CE23F003BB2EF /* Preview Content */ = {
			isa = PBXGroup;
			children = (
				EF8CEB5F283CE23F003BB2EF /* Preview Assets.xcassets */,
			);
			path = "Preview Content";
			sourceTree = "<group>";
		};
/* End PBXGroup section */

/* Begin PBXNativeTarget section */
		EF8CEB54283CE239003BB2EF /* Memorize_4.0 */ = {
			isa = PBXNativeTarget;
			buildConfigurationList = EF8CEB63283CE23F003BB2EF /* Build configuration list for PBXNativeTarget "Memorize_4.0" */;
			buildPhases = (
				EF8CEB51283CE239003BB2EF /* Sources */,
				EF8CEB52283CE239003BB2EF /* Frameworks */,
				EF8CEB53283CE239003BB2EF /* Resources */,
			);
			buildRules = (
			);
			dependencies = (
			);
			name = Memorize_4.0;
			productName = Memorize_4.0;
			productReference = EF8CEB55283CE23A003BB2EF /* Memorize_4.0.app */;
			productType = "com.apple.product-type.application";
		};
/* End PBXNativeTarget section */

/* Begin PBXProject section */
		EF8CEB4D283CE239003BB2EF /* Project object */ = {
			isa = PBXProject;
			attributes = {
				BuildIndependentTargetsInParallel = 1;
				LastSwiftUpdateCheck = 1330;
				LastUpgradeCheck = 1330;
				TargetAttributes = {
					EF8CEB54283CE239003BB2EF = {
						CreatedOnToolsVersion = 13.3;
					};
				};
			};
			buildConfigurationList = EF8CEB50283CE239003BB2EF /* Build configuration list for PBXProject "Memorize_4.0" */;
			compatibilityVersion = "Xcode 13.0";
			developmentRegion = en;
			hasScannedForEncodings = 0;
			knownRegions = (
				en,
				Base,
			);
			mainGroup = EF8CEB4C283CE239003BB2EF;
			productRefGroup = EF8CEB56283CE23A003BB2EF /* Products */;
			projectDirPath = "";
			projectRoot = "";
			targets = (
				EF8CEB54283CE239003BB2EF /* Memorize_4.0 */,
			);
		};
/* End PBXProject section */

/* Begin PBXResourcesBuildPhase section */
		EF8CEB53283CE239003BB2EF /* Resources */ = {
			isa = PBXResourcesBuildPhase;
			buildActionMask = 2147483647;
			files = (
				EF8CEB60283CE23F003BB2EF /* Preview Assets.xcassets in Resources */,
				EF8CEB5D283CE23F003BB2EF /* Assets.xcassets in Resources */,
			);
			runOnlyForDeploymentPostprocessing = 0;
		};
/* End PBXResourcesBuildPhase section */

/* Begin PBXSourcesBuildPhase section */
		EF8CEB51283CE239003BB2EF /* Sources */ = {
			isa = PBXSourcesBuildPhase;
			buildActionMask = 2147483647;
			files = (
				EF8CEB6F283E3012003BB2EF /* Cardify.swift in Sources */,
				EF8CEB75283FE8F9003BB2EF /* ThemeChooser.swift in Sources */,
				EF8CEB69283CE318003BB2EF /* MemoryGame.swift in Sources */,
				EF8CEB5B283CE23A003BB2EF /* EmojiMemoryGameView.swift in Sources */,
				EF8CEB73283FE6CB003BB2EF /* UtilityExtention.swift in Sources */,
				EF8CEB59283CE23A003BB2EF /* Memorize_4_0App.swift in Sources */,
				EF8CEB77283FE943003BB2EF /* ThemeEditor.swift in Sources */,
				EF8CEB6D283E2C24003BB2EF /* AspectVGrid.swift in Sources */,
				EF8CEB792844C259003BB2EF /* Pie.swift in Sources */,
				EF8CEB6B283CE6A4003BB2EF /* EmojiMemoryGame.swift in Sources */,
				EF8CEB71283FE67F003BB2EF /* ThemeStore.swift in Sources */,
			);
			runOnlyForDeploymentPostprocessing = 0;
		};
/* End PBXSourcesBuildPhase section */

/* Begin XCBuildConfiguration section */
		EF8CEB61283CE23F003BB2EF /* Debug */ = {
			isa = XCBuildConfiguration;
			buildSettings = {
				ALWAYS_SEARCH_USER_PATHS = NO;
				CLANG_ANALYZER_NONNULL = YES;
				CLANG_ANALYZER_NUMBER_OBJECT_CONVERSION = YES_AGGRESSIVE;
				CLANG_CXX_LANGUAGE_STANDARD = "gnu++17";
				CLANG_ENABLE_MODULES = YES;
				CLANG_ENABLE_OBJC_ARC = YES;
				CLANG_ENABLE_OBJC_WEAK = YES;
				CLANG_WARN_BLOCK_CAPTURE_AUTORELEASING = YES;
				CLANG_WARN_BOOL_CONVERSION = YES;
				CLANG_WARN_COMMA = YES;
				CLANG_WARN_CONSTANT_CONVERSION = YES;
				CLANG_WARN_DEPRECATED_OBJC_IMPLEMENTATIONS = YES;
				CLANG_WARN_DIRECT_OBJC_ISA_USAGE = YES_ERROR;
				CLANG_WARN_DOCUMENTATION_COMMENTS = YES;
				CLANG_WARN_EMPTY_BODY = YES;
				CLANG_WARN_ENUM_CONVERSION = YES;
				CLANG_WARN_INFINITE_RECURSION = YES;
				CLANG_WARN_INT_CONVERSION = YES;
				CLANG_WARN_NON_LITERAL_NULL_CONVERSION = YES;
				CLANG_WARN_OBJC_IMPLICIT_RETAIN_SELF = YES;
				CLANG_WARN_OBJC_LITERAL_CONVERSION = YES;
				CLANG_WARN_OBJC_ROOT_CLASS = YES_ERROR;
				CLANG_WARN_QUOTED_INCLUDE_IN_FRAMEWORK_HEADER = YES;
				CLANG_WARN_RANGE_LOOP_ANALYSIS = YES;
				CLANG_WARN_STRICT_PROTOTYPES = YES;
				CLANG_WARN_SUSPICIOUS_MOVE = YES;
				CLANG_WARN_UNGUARDED_AVAILABILITY = YES_AGGRESSIVE;
				CLANG_WARN_UNREACHABLE_CODE = YES;
				CLANG_WARN__DUPLICATE_METHOD_MATCH = YES;
				COPY_PHASE_STRIP = NO;
				DEBUG_INFORMATION_FORMAT = dwarf;
				ENABLE_STRICT_OBJC_MSGSEND = YES;
				ENABLE_TESTABILITY = YES;
				GCC_C_LANGUAGE_STANDARD = gnu11;
				GCC_DYNAMIC_NO_PIC = NO;
				GCC_NO_COMMON_BLOCKS = YES;
				GCC_OPTIMIZATION_LEVEL = 0;
				GCC_PREPROCESSOR_DEFINITIONS = (
					"DEBUG=1",
					"$(inherited)",
				);
				GCC_WARN_64_TO_32_BIT_CONVERSION = YES;
				GCC_WARN_ABOUT_RETURN_TYPE = YES_ERROR;
				GCC_WARN_UNDECLARED_SELECTOR = YES;
				GCC_WARN_UNINITIALIZED_AUTOS = YES_AGGRESSIVE;
				GCC_WARN_UNUSED_FUNCTION = YES;
				GCC_WARN_UNUSED_VARIABLE = YES;
				IPHONEOS_DEPLOYMENT_TARGET = 15.4;
				MTL_ENABLE_DEBUG_INFO = INCLUDE_SOURCE;
				MTL_FAST_MATH = YES;
				ONLY_ACTIVE_ARCH = YES;
				SDKROOT = iphoneos;
				SWIFT_ACTIVE_COMPILATION_CONDITIONS = DEBUG;
				SWIFT_OPTIMIZATION_LEVEL = "-Onone";
			};
			name = Debug;
		};
		EF8CEB62283CE23F003BB2EF /* Release */ = {
			isa = XCBuildConfiguration;
			buildSettings = {
				ALWAYS_SEARCH_USER_PATHS = NO;
				CLANG_ANALYZER_NONNULL = YES;
				CLANG_ANALYZER_NUMBER_OBJECT_CONVERSION = YES_AGGRESSIVE;
				CLANG_CXX_LANGUAGE_STANDARD = "gnu++17";
				CLANG_ENABLE_MODULES = YES;
				CLANG_ENABLE_OBJC_ARC = YES;
				CLANG_ENABLE_OBJC_WEAK = YES;
				CLANG_WARN_BLOCK_CAPTURE_AUTORELEASING = YES;
				CLANG_WARN_BOOL_CONVERSION = YES;
				CLANG_WARN_COMMA = YES;
				CLANG_WARN_CONSTANT_CONVERSION = YES;
				CLANG_WARN_DEPRECATED_OBJC_IMPLEMENTATIONS = YES;
				CLANG_WARN_DIRECT_OBJC_ISA_USAGE = YES_ERROR;
				CLANG_WARN_DOCUMENTATION_COMMENTS = YES;
				CLANG_WARN_EMPTY_BODY = YES;
				CLANG_WARN_ENUM_CONVERSION = YES;
				CLANG_WARN_INFINITE_RECURSION = YES;
				CLANG_WARN_INT_CONVERSION = YES;
				CLANG_WARN_NON_LITERAL_NULL_CONVERSION = YES;
				CLANG_WARN_OBJC_IMPLICIT_RETAIN_SELF = YES;
				CLANG_WARN_OBJC_LITERAL_CONVERSION = YES;
				CLANG_WARN_OBJC_ROOT_CLASS = YES_ERROR;
				CLANG_WARN_QUOTED_INCLUDE_IN_FRAMEWORK_HEADER = YES;
				CLANG_WARN_RANGE_LOOP_ANALYSIS = YES;
				CLANG_WARN_STRICT_PROTOTYPES = YES;
				CLANG_WARN_SUSPICIOUS_MOVE = YES;
				CLANG_WARN_UNGUARDED_AVAILABILITY = YES_AGGRESSIVE;
				CLANG_WARN_UNREACHABLE_CODE = YES;
				CLANG_WARN__DUPLICATE_METHOD_MATCH = YES;
				COPY_PHASE_STRIP = NO;
				DEBUG_INFORMATION_FORMAT = "dwarf-with-dsym";
				ENABLE_NS_ASSERTIONS = NO;
				ENABLE_STRICT_OBJC_MSGSEND = YES;
				GCC_C_LANGUAGE_STANDARD = gnu11;
				GCC_NO_COMMON_BLOCKS = YES;
				GCC_WARN_64_TO_32_BIT_CONVERSION = YES;
				GCC_WARN_ABOUT_RETURN_TYPE = YES_ERROR;
				GCC_WARN_UNDECLARED_SELECTOR = YES;
				GCC_WARN_UNINITIALIZED_AUTOS = YES_AGGRESSIVE;
				GCC_WARN_UNUSED_FUNCTION = YES;
				GCC_WARN_UNUSED_VARIABLE = YES;
				IPHONEOS_DEPLOYMENT_TARGET = 15.4;
				MTL_ENABLE_DEBUG_INFO = NO;
				MTL_FAST_MATH = YES;
				SDKROOT = iphoneos;
				SWIFT_COMPILATION_MODE = wholemodule;
				SWIFT_OPTIMIZATION_LEVEL = "-O";
				VALIDATE_PRODUCT = YES;
			};
			name = Release;
		};
		EF8CEB64283CE23F003BB2EF /* Debug */ = {
			isa = XCBuildConfiguration;
			buildSettings = {
				ASSETCATALOG_COMPILER_APPICON_NAME = AppIcon;
				ASSETCATALOG_COMPILER_GLOBAL_ACCENT_COLOR_NAME = AccentColor;
				CODE_SIGN_STYLE = Automatic;
				CURRENT_PROJECT_VERSION = 1;
				DEVELOPMENT_ASSET_PATHS = "\"Memorize_4.0/Preview Content\"";
				DEVELOPMENT_TEAM = 8683DU5JVT;
				ENABLE_PREVIEWS = YES;
				GENERATE_INFOPLIST_FILE = YES;
				INFOPLIST_KEY_UIApplicationSceneManifest_Generation = YES;
				INFOPLIST_KEY_UIApplicationSupportsIndirectInputEvents = YES;
				INFOPLIST_KEY_UILaunchScreen_Generation = YES;
				INFOPLIST_KEY_UISupportedInterfaceOrientations_iPad = "UIInterfaceOrientationPortrait UIInterfaceOrientationPortraitUpsideDown UIInterfaceOrientationLandscapeLeft UIInterfaceOrientationLandscapeRight";
				INFOPLIST_KEY_UISupportedInterfaceOrientations_iPhone = "UIInterfaceOrientationPortrait UIInterfaceOrientationLandscapeLeft UIInterfaceOrientationLandscapeRight";
				LD_RUNPATH_SEARCH_PATHS = (
					"$(inherited)",
					"@executable_path/Frameworks",
				);
				MARKETING_VERSION = 1.0;
				PRODUCT_BUNDLE_IDENTIFIER = "study.Memorize-4-0";
				PRODUCT_NAME = "$(TARGET_NAME)";
				SWIFT_EMIT_LOC_STRINGS = YES;
				SWIFT_VERSION = 5.0;
				TARGETED_DEVICE_FAMILY = "1,2";
			};
			name = Debug;
		};
		EF8CEB65283CE23F003BB2EF /* Release */ = {
			isa = XCBuildConfiguration;
			buildSettings = {
				ASSETCATALOG_COMPILER_APPICON_NAME = AppIcon;
				ASSETCATALOG_COMPILER_GLOBAL_ACCENT_COLOR_NAME = AccentColor;
				CODE_SIGN_STYLE = Automatic;
				CURRENT_PROJECT_VERSION = 1;
				DEVELOPMENT_ASSET_PATHS = "\"Memorize_4.0/Preview Content\"";
				DEVELOPMENT_TEAM = 8683DU5JVT;
				ENABLE_PREVIEWS = YES;
				GENERATE_INFOPLIST_FILE = YES;
				INFOPLIST_KEY_UIApplicationSceneManifest_Generation = YES;
				INFOPLIST_KEY_UIApplicationSupportsIndirectInputEvents = YES;
				INFOPLIST_KEY_UILaunchScreen_Generation = YES;
				INFOPLIST_KEY_UISupportedInterfaceOrientations_iPad = "UIInterfaceOrientationPortrait UIInterfaceOrientationPortraitUpsideDown UIInterfaceOrientationLandscapeLeft UIInterfaceOrientationLandscapeRight";
				INFOPLIST_KEY_UISupportedInterfaceOrientations_iPhone = "UIInterfaceOrientationPortrait UIInterfaceOrientationLandscapeLeft UIInterfaceOrientationLandscapeRight";
				LD_RUNPATH_SEARCH_PATHS = (
					"$(inherited)",
					"@executable_path/Frameworks",
				);
				MARKETING_VERSION = 1.0;
				PRODUCT_BUNDLE_IDENTIFIER = "study.Memorize-4-0";
				PRODUCT_NAME = "$(TARGET_NAME)";
				SWIFT_EMIT_LOC_STRINGS = YES;
				SWIFT_VERSION = 5.0;
				TARGETED_DEVICE_FAMILY = "1,2";
			};
			name = Release;
		};
/* End XCBuildConfiguration section */

/* Begin XCConfigurationList section */
		EF8CEB50283CE239003BB2EF /* Build configuration list for PBXProject "Memorize_4.0" */ = {
			isa = XCConfigurationList;
			buildConfigurations = (
				EF8CEB61283CE23F003BB2EF /* Debug */,
				EF8CEB62283CE23F003BB2EF /* Release */,
			);
			defaultConfigurationIsVisible = 0;
			defaultConfigurationName = Release;
		};
		EF8CEB63283CE23F003BB2EF /* Build configuration list for PBXNativeTarget "Memorize_4.0" */ = {
			isa = XCConfigurationList;
			buildConfigurations = (
				EF8CEB64283CE23F003BB2EF /* Debug */,
				EF8CEB65283CE23F003BB2EF /* Release */,
			);
			defaultConfigurationIsVisible = 0;
			defaultConfigurationName = Release;
		};
/* End XCConfigurationList section */
	};
	rootObject = EF8CEB4D283CE239003BB2EF /* Project object */;
}
